
Microsoft Visual Studio Solution File, Format Version 12.00
# Visual Studio 15
VisualStudioVersion = 15.0.27703.2042
MinimumVisualStudioVersion = 10.0.40219.1
Project("{FAE04EC0-301F-11D3-BF4B-00C04F79EFBC}") = "ShopApp", "ShopApp\ShopApp.csproj", "{0F8C244E-260D-4B6A-BDDD-CEC097FCD317}"
EndProject
Global
	GlobalSection(SolutionConfigurationPlatforms) = preSolution
		Debug|Any CPU = Debug|Any CPU
		Release|Any CPU = Release|Any CPU
	EndGlobalSection
	GlobalSection(ProjectConfigurationPlatforms) = postSolution
		{0F8C244E-260D-4B6A-BDDD-CEC097FCD317}.Debug|Any CPU.ActiveCfg = Debug|Any CPU
		{0F8C244E-260D-4B6A-BDDD-CEC097FCD317}.Debug|Any CPU.Build.0 = Debug|Any CPU
		{0F8C244E-260D-4B6A-BDDD-CEC097FCD317}.Release|Any CPU.ActiveCfg = Release|Any CPU
		{0F8C244E-260D-4B6A-BDDD-CEC097FCD317}.Release|Any CPU.Build.0 = Release|Any CPU
	EndGlobalSection
	GlobalSection(SolutionProperties) = preSolution
		HideSolutionNode = FALSE
	EndGlobalSection
	GlobalSection(ExtensibilityGlobals) = postSolution
		SolutionGuid = {0FC8FF90-6C0B-481E-A567-1CBE2699C493}
	EndGlobalSection
EndGlobal
